
Microsoft Visual Studio Solution File, Format Version 12.00
# Visual Studio Version 16
VisualStudioVersion = 16.0.30907.101
MinimumVisualStudioVersion = 10.0.40219.1
Project("{FAE04EC0-301F-11D3-BF4B-00C04F79EFBC}") = "GUI-WPF-Migration", "GUI-WPF-Migration\GUI-WPF-Migration.csproj", "{D57E6BCA-8345-496B-8CEA-CA251BEAE532}"
EndProject
Project("{FAE04EC0-301F-11D3-BF4B-00C04F79EFBC}") = "GUI-WPF-MigrationTests", "GUI-WPF-MigrationTests\GUI-WPF-MigrationTests.csproj", "{790A693C-2904-4EA2-AC9A-B4503AF52585}"
EndProject
Global
	GlobalSection(SolutionConfigurationPlatforms) = preSolution
		Debug|Any CPU = Debug|Any CPU
		Release|Any CPU = Release|Any CPU
	EndGlobalSection
	GlobalSection(ProjectConfigurationPlatforms) = postSolution
		{D57E6BCA-8345-496B-8CEA-CA251BEAE532}.Debug|Any CPU.ActiveCfg = Debug|Any CPU
		{D57E6BCA-8345-496B-8CEA-CA251BEAE532}.Debug|Any CPU.Build.0 = Debug|Any CPU
		{D57E6BCA-8345-496B-8CEA-CA251BEAE532}.Release|Any CPU.ActiveCfg = Release|Any CPU
		{D57E6BCA-8345-496B-8CEA-CA251BEAE532}.Release|Any CPU.Build.0 = Release|Any CPU
		{790A693C-2904-4EA2-AC9A-B4503AF52585}.Debug|Any CPU.ActiveCfg = Debug|Any CPU
		{790A693C-2904-4EA2-AC9A-B4503AF52585}.Debug|Any CPU.Build.0 = Debug|Any CPU
		{790A693C-2904-4EA2-AC9A-B4503AF52585}.Release|Any CPU.ActiveCfg = Release|Any CPU
		{790A693C-2904-4EA2-AC9A-B4503AF52585}.Release|Any CPU.Build.0 = Release|Any CPU
	EndGlobalSection
	GlobalSection(SolutionProperties) = preSolution
		HideSolutionNode = FALSE
	EndGlobalSection
	GlobalSection(ExtensibilityGlobals) = postSolution
		SolutionGuid = {5C416970-62C0-469F-93D6-C5A339A1C548}
	EndGlobalSection
EndGlobal
